
Microsoft Visual Studio Solution File, Format Version 12.00
# Visual Studio Version 17
VisualStudioVersion = 17.12.35527.113
MinimumVisualStudioVersion = 10.0.40219.1
Project("{FAE04EC0-301F-11D3-BF4B-00C04F79EFBC}") = "HospitalModuleUser.Domain", "HospitalModuleUser.Domain\HospitalModuleUser.Domain.csproj", "{AB92C020-8972-416E-B3A4-996ECC7D6953}"
EndProject
Project("{FAE04EC0-301F-11D3-BF4B-00C04F79EFBC}") = "HospitalModuleUser.Infra", "HospitalModuleUser.Infra\HospitalModuleUser.Infra.csproj", "{ECAEFA2C-0660-409F-AA07-5573F8476F53}"
EndProject
Project("{FAE04EC0-301F-11D3-BF4B-00C04F79EFBC}") = "HospitalModuleUser.Api", "HospitalModuleUser.Api\HospitalModuleUser.Api.csproj", "{FF4BF8BC-4A4B-41EE-8881-7E4AE1633501}"
EndProject
Project("{FAE04EC0-301F-11D3-BF4B-00C04F79EFBC}") = "HospitalModuleUser.Applica", "HospitalModuleUser.Applica\HospitalModuleUser.Applica.csproj", "{2BC40719-2B3A-4F3B-815A-910F372E8D6C}"
EndProject
Project("{FAE04EC0-301F-11D3-BF4B-00C04F79EFBC}") = "HospitalModuleUser.DomainTest", "HospitalModuleUser.DomainTest\HospitalModuleUser.DomainTest.csproj", "{A7ACB3BA-1CF0-41AE-AEFA-B5A84B224A11}"
EndProject
Project("{FAE04EC0-301F-11D3-BF4B-00C04F79EFBC}") = "HospitalModuleUser.ApiTests", "HospitalModuleUser.ApiTests\HospitalModuleUser.ApiTests.csproj", "{DA102CC5-B966-46EC-9CB5-21A395150B1E}"
EndProject
Project("{FAE04EC0-301F-11D3-BF4B-00C04F79EFBC}") = "HospitalModuleUser.ArchitectureTests", "HospitalModuleUser.ArchitectureTests\HospitalModuleUser.ArchitectureTests.csproj", "{5B043B80-1F94-4802-A17C-D9DDBD43D77D}"
EndProject
Global
	GlobalSection(SolutionConfigurationPlatforms) = preSolution
		Debug|Any CPU = Debug|Any CPU
		Release|Any CPU = Release|Any CPU
	EndGlobalSection
	GlobalSection(ProjectConfigurationPlatforms) = postSolution
		{AB92C020-8972-416E-B3A4-996ECC7D6953}.Debug|Any CPU.ActiveCfg = Debug|Any CPU
		{AB92C020-8972-416E-B3A4-996ECC7D6953}.Debug|Any CPU.Build.0 = Debug|Any CPU
		{AB92C020-8972-416E-B3A4-996ECC7D6953}.Release|Any CPU.ActiveCfg = Release|Any CPU
		{AB92C020-8972-416E-B3A4-996ECC7D6953}.Release|Any CPU.Build.0 = Release|Any CPU
		{ECAEFA2C-0660-409F-AA07-5573F8476F53}.Debug|Any CPU.ActiveCfg = Debug|Any CPU
		{ECAEFA2C-0660-409F-AA07-5573F8476F53}.Debug|Any CPU.Build.0 = Debug|Any CPU
		{ECAEFA2C-0660-409F-AA07-5573F8476F53}.Release|Any CPU.ActiveCfg = Release|Any CPU
		{ECAEFA2C-0660-409F-AA07-5573F8476F53}.Release|Any CPU.Build.0 = Release|Any CPU
		{FF4BF8BC-4A4B-41EE-8881-7E4AE1633501}.Debug|Any CPU.ActiveCfg = Debug|Any CPU
		{FF4BF8BC-4A4B-41EE-8881-7E4AE1633501}.Debug|Any CPU.Build.0 = Debug|Any CPU
		{FF4BF8BC-4A4B-41EE-8881-7E4AE1633501}.Release|Any CPU.ActiveCfg = Release|Any CPU
		{FF4BF8BC-4A4B-41EE-8881-7E4AE1633501}.Release|Any CPU.Build.0 = Release|Any CPU
		{2BC40719-2B3A-4F3B-815A-910F372E8D6C}.Debug|Any CPU.ActiveCfg = Debug|Any CPU
		{2BC40719-2B3A-4F3B-815A-910F372E8D6C}.Debug|Any CPU.Build.0 = Debug|Any CPU
		{2BC40719-2B3A-4F3B-815A-910F372E8D6C}.Release|Any CPU.ActiveCfg = Release|Any CPU
		{2BC40719-2B3A-4F3B-815A-910F372E8D6C}.Release|Any CPU.Build.0 = Release|Any CPU
		{A7ACB3BA-1CF0-41AE-AEFA-B5A84B224A11}.Debug|Any CPU.ActiveCfg = Debug|Any CPU
		{A7ACB3BA-1CF0-41AE-AEFA-B5A84B224A11}.Debug|Any CPU.Build.0 = Debug|Any CPU
		{A7ACB3BA-1CF0-41AE-AEFA-B5A84B224A11}.Release|Any CPU.ActiveCfg = Release|Any CPU
		{A7ACB3BA-1CF0-41AE-AEFA-B5A84B224A11}.Release|Any CPU.Build.0 = Release|Any CPU
		{DA102CC5-B966-46EC-9CB5-21A395150B1E}.Debug|Any CPU.ActiveCfg = Debug|Any CPU
		{DA102CC5-B966-46EC-9CB5-21A395150B1E}.Debug|Any CPU.Build.0 = Debug|Any CPU
		{DA102CC5-B966-46EC-9CB5-21A395150B1E}.Release|Any CPU.ActiveCfg = Release|Any CPU
		{DA102CC5-B966-46EC-9CB5-21A395150B1E}.Release|Any CPU.Build.0 = Release|Any CPU
		{5B043B80-1F94-4802-A17C-D9DDBD43D77D}.Debug|Any CPU.ActiveCfg = Debug|Any CPU
		{5B043B80-1F94-4802-A17C-D9DDBD43D77D}.Debug|Any CPU.Build.0 = Debug|Any CPU
		{5B043B80-1F94-4802-A17C-D9DDBD43D77D}.Release|Any CPU.ActiveCfg = Release|Any CPU
		{5B043B80-1F94-4802-A17C-D9DDBD43D77D}.Release|Any CPU.Build.0 = Release|Any CPU
	EndGlobalSection
	GlobalSection(SolutionProperties) = preSolution
		HideSolutionNode = FALSE
	EndGlobalSection
EndGlobal
